Microsoft Visual Studio Solution File, Format Version 12.00
# Visual Studio Version 17
VisualStudioVersion = 17.9.34902.65
MinimumVisualStudioVersion = 10.0.40219.1
Project("{9A19103F-16F7-4668-BE54-9A1E7A4F7556}") = "Win2Mqtt.Common", "src\Win10MqttLibrary\Win2Mqtt.Common.csproj", "{C7A61F18-4BC9-4F0D-91A0-6CD63BC5C64E}"
EndProject
Project("{9A19103F-16F7-4668-BE54-9A1E7A4F7556}") = "Win2Mqtt.Service", "src\Win2Mqtt.Service\Win2Mqtt.Service.csproj", "{6986A9A0-EA1B-4610-BC5D-981EF2C7489B}"
EndProject
Project("{9A19103F-16F7-4668-BE54-9A1E7A4F7556}") = "Win2Mqtt.Infra", "src\Win2Mqtt.Infra\Win2Mqtt.Infra.csproj", "{3BAF2E9A-9646-4E5D-8828-6CA227255D41}"
EndProject
Project("{2150E333-8FDC-42A3-9474-1A3956D46DE8}") = "Solution Items", "Solution Items", "{F3FF03FD-AD2C-4CD4-B6BD-D51C67EDA6A6}"
	ProjectSection(SolutionItems) = preProject
		.gitattributes = .gitattributes
		.gitignore = .gitignore
		hass-example.yaml = hass-example.yaml
		README.md = README.md
		Roadmap.md = Roadmap.md
	EndProjectSection
EndProject
Project("{54435603-DBB4-11D2-8724-00A0C9A8B90C}") = "Win2MqttSetup", "setup\Win2MqttSetup\Win2MqttSetup.vdproj", "{6F1A5338-325E-4F51-95D1-59F8F6D82A94}"
EndProject
Project("{2150E333-8FDC-42A3-9474-1A3956D46DE8}") = "setup", "setup", "{2A0A7115-CF15-4E33-8280-49BFA92CAF54}"
EndProject
Global
	GlobalSection(SolutionConfigurationPlatforms) = preSolution
		Debug|Any CPU = Debug|Any CPU
		Debug|x64 = Debug|x64
		Debug|x86 = Debug|x86
		Release|Any CPU = Release|Any CPU
		Release|x64 = Release|x64
		Release|x86 = Release|x86
	EndGlobalSection
	GlobalSection(ProjectConfigurationPlatforms) = postSolution
		{C7A61F18-4BC9-4F0D-91A0-6CD63BC5C64E}.Debug|Any CPU.ActiveCfg = Debug|Any CPU
		{C7A61F18-4BC9-4F0D-91A0-6CD63BC5C64E}.Debug|Any CPU.Build.0 = Debug|Any CPU
		{C7A61F18-4BC9-4F0D-91A0-6CD63BC5C64E}.Debug|x64.ActiveCfg = Debug|Any CPU
		{C7A61F18-4BC9-4F0D-91A0-6CD63BC5C64E}.Debug|x64.Build.0 = Debug|Any CPU
		{C7A61F18-4BC9-4F0D-91A0-6CD63BC5C64E}.Debug|x86.ActiveCfg = Debug|Any CPU
		{C7A61F18-4BC9-4F0D-91A0-6CD63BC5C64E}.Debug|x86.Build.0 = Debug|Any CPU
		{C7A61F18-4BC9-4F0D-91A0-6CD63BC5C64E}.Release|Any CPU.ActiveCfg = Release|Any CPU
		{C7A61F18-4BC9-4F0D-91A0-6CD63BC5C64E}.Release|Any CPU.Build.0 = Release|Any CPU
		{C7A61F18-4BC9-4F0D-91A0-6CD63BC5C64E}.Release|x64.ActiveCfg = Release|Any CPU
		{C7A61F18-4BC9-4F0D-91A0-6CD63BC5C64E}.Release|x64.Build.0 = Release|Any CPU
		{C7A61F18-4BC9-4F0D-91A0-6CD63BC5C64E}.Release|x86.ActiveCfg = Release|Any CPU
		{C7A61F18-4BC9-4F0D-91A0-6CD63BC5C64E}.Release|x86.Build.0 = Release|Any CPU
		{6986A9A0-EA1B-4610-BC5D-981EF2C7489B}.Debug|Any CPU.ActiveCfg = Debug|Any CPU
		{6986A9A0-EA1B-4610-BC5D-981EF2C7489B}.Debug|Any CPU.Build.0 = Debug|Any CPU
		{6986A9A0-EA1B-4610-BC5D-981EF2C7489B}.Debug|x64.ActiveCfg = Debug|Any CPU
		{6986A9A0-EA1B-4610-BC5D-981EF2C7489B}.Debug|x64.Build.0 = Debug|Any CPU
		{6986A9A0-EA1B-4610-BC5D-981EF2C7489B}.Debug|x86.ActiveCfg = Debug|Any CPU
		{6986A9A0-EA1B-4610-BC5D-981EF2C7489B}.Debug|x86.Build.0 = Debug|Any CPU
		{6986A9A0-EA1B-4610-BC5D-981EF2C7489B}.Release|Any CPU.ActiveCfg = Release|Any CPU
		{6986A9A0-EA1B-4610-BC5D-981EF2C7489B}.Release|Any CPU.Build.0 = Release|Any CPU
		{6986A9A0-EA1B-4610-BC5D-981EF2C7489B}.Release|x64.ActiveCfg = Release|Any CPU
		{6986A9A0-EA1B-4610-BC5D-981EF2C7489B}.Release|x64.Build.0 = Release|Any CPU
		{6986A9A0-EA1B-4610-BC5D-981EF2C7489B}.Release|x86.ActiveCfg = Release|Any CPU
		{6986A9A0-EA1B-4610-BC5D-981EF2C7489B}.Release|x86.Build.0 = Release|Any CPU
		{3BAF2E9A-9646-4E5D-8828-6CA227255D41}.Debug|Any CPU.ActiveCfg = Debug|Any CPU
		{3BAF2E9A-9646-4E5D-8828-6CA227255D41}.Debug|Any CPU.Build.0 = Debug|Any CPU
		{3BAF2E9A-9646-4E5D-8828-6CA227255D41}.Debug|x64.ActiveCfg = Debug|Any CPU
		{3BAF2E9A-9646-4E5D-8828-6CA227255D41}.Debug|x64.Build.0 = Debug|Any CPU
		{3BAF2E9A-9646-4E5D-8828-6CA227255D41}.Debug|x86.ActiveCfg = Debug|Any CPU
		{3BAF2E9A-9646-4E5D-8828-6CA227255D41}.Debug|x86.Build.0 = Debug|Any CPU
		{3BAF2E9A-9646-4E5D-8828-6CA227255D41}.Release|Any CPU.ActiveCfg = Release|Any CPU
		{3BAF2E9A-9646-4E5D-8828-6CA227255D41}.Release|Any CPU.Build.0 = Release|Any CPU
		{3BAF2E9A-9646-4E5D-8828-6CA227255D41}.Release|x64.ActiveCfg = Release|Any CPU
		{3BAF2E9A-9646-4E5D-8828-6CA227255D41}.Release|x64.Build.0 = Release|Any CPU
		{3BAF2E9A-9646-4E5D-8828-6CA227255D41}.Release|x86.ActiveCfg = Release|Any CPU
		{3BAF2E9A-9646-4E5D-8828-6CA227255D41}.Release|x86.Build.0 = Release|Any CPU
		{6F1A5338-325E-4F51-95D1-59F8F6D82A94}.Debug|Any CPU.ActiveCfg = Debug
		{6F1A5338-325E-4F51-95D1-59F8F6D82A94}.Debug|x64.ActiveCfg = Debug
		{6F1A5338-325E-4F51-95D1-59F8F6D82A94}.Debug|x86.ActiveCfg = Debug
		{6F1A5338-325E-4F51-95D1-59F8F6D82A94}.Release|Any CPU.ActiveCfg = Release
		{6F1A5338-325E-4F51-95D1-59F8F6D82A94}.Release|x64.ActiveCfg = Release
		{6F1A5338-325E-4F51-95D1-59F8F6D82A94}.Release|x86.ActiveCfg = Release
	EndGlobalSection
	GlobalSection(SolutionProperties) = preSolution
		HideSolutionNode = FALSE
	EndGlobalSection
	GlobalSection(NestedProjects) = preSolution
		{6F1A5338-325E-4F51-95D1-59F8F6D82A94} = {2A0A7115-CF15-4E33-8280-49BFA92CAF54}
	EndGlobalSection
	GlobalSection(ExtensibilityGlobals) = postSolution
		SolutionGuid = {2634DCE7-2679-4467-8AC5-E8382EE43EC1}
	EndGlobalSection
EndGlobal
